// !$*UTF8*$!
{
	archiveVersion = 1;
	classes = {
	};
	objectVersion = 46;
	objects = {

/* Begin PBXBuildFile section */
		793CFCB71DA8AD0F00B329E7 /* AppDelegate.swift in Sources */ = {isa = PBXBuildFile; fileRef = 793CFCB61DA8AD0F00B329E7 /* AppDelegate.swift */; };
		793CFCB91DA8AD0F00B329E7 /* RootViewController.swift in Sources */ = {isa = PBXBuildFile; fileRef = 793CFCB81DA8AD0F00B329E7 /* RootViewController.swift */; };
		793CFCBB1DA8AD0F00B329E7 /* DataViewController.swift in Sources */ = {isa = PBXBuildFile; fileRef = 793CFCBA1DA8AD0F00B329E7 /* DataViewController.swift */; };
		793CFCBD1DA8AD0F00B329E7 /* ModelController.swift in Sources */ = {isa = PBXBuildFile; fileRef = 793CFCBC1DA8AD0F00B329E7 /* ModelController.swift */; };
		793CFCC01DA8AD0F00B329E7 /* Main.storyboard in Resources */ = {isa = PBXBuildFile; fileRef = 793CFCBE1DA8AD0F00B329E7 /* Main.storyboard */; };
		793CFCC21DA8AD0F00B329E7 /* Assets.xcassets in Resources */ = {isa = PBXBuildFile; fileRef = 793CFCC11DA8AD0F00B329E7 /* Assets.xcassets */; };
		793CFCC51DA8AD0F00B329E7 /* LaunchScreen.storyboard in Resources */ = {isa = PBXBuildFile; fileRef = 793CFCC31DA8AD0F00B329E7 /* LaunchScreen.storyboard */; };
/* End PBXBuildFile section */

/* Begin PBXFileReference section */
		793CFCB31DA8AD0F00B329E7 /* mood-journal.app */ = {isa = PBXFileReference; explicitFileType = wrapper.application; includeInIndex = 0; path = "mood-journal.app"; sourceTree = BUILT_PRODUCTS_DIR; };
		793CFCB61DA8AD0F00B329E7 /* AppDelegate.swift */ = {isa = PBXFileReference; lastKnownFileType = sourcecode.swift; path = AppDelegate.swift; sourceTree = "<group>"; };
		793CFCB81DA8AD0F00B329E7 /* RootViewController.swift */ = {isa = PBXFileReference; lastKnownFileType = sourcecode.swift; path = RootViewController.swift; sourceTree = "<group>"; };
		793CFCBA1DA8AD0F00B329E7 /* DataViewController.swift */ = {isa = PBXFileReference; lastKnownFileType = sourcecode.swift; path = DataViewController.swift; sourceTree = "<group>"; };
		793CFCBC1DA8AD0F00B329E7 /* ModelController.swift */ = {isa = PBXFileReference; lastKnownFileType = sourcecode.swift; path = ModelController.swift; sourceTree = "<group>"; };
		793CFCBF1DA8AD0F00B329E7 /* Base */ = {isa = PBXFileReference; lastKnownFileType = file.storyboard; name = Base; path = Base.lproj/Main.storyboard; sourceTree = "<group>"; };
		793CFCC11DA8AD0F00B329E7 /* Assets.xcassets */ = {isa = PBXFileReference; lastKnownFileType = folder.assetcatalog; path = Assets.xcassets; sourceTree = "<group>"; };
		793CFCC41DA8AD0F00B329E7 /* Base */ = {isa = PBXFileReference; lastKnownFileType = file.storyboard; name = Base; path = Base.lproj/LaunchScreen.storyboard; sourceTree = "<group>"; };
		793CFCC61DA8AD0F00B329E7 /* Info.plist */ = {isa = PBXFileReference; lastKnownFileType = text.plist.xml; path = Info.plist; sourceTree = "<group>"; };
/* End PBXFileReference section */

/* Begin PBXFrameworksBuildPhase section */
		793CFCB01DA8AD0F00B329E7 /* Frameworks */ = {
			isa = PBXFrameworksBuildPhase;
			buildActionMask = 2147483647;
			files = (
			);
			runOnlyForDeploymentPostprocessing = 0;
		};
/* End PBXFrameworksBuildPhase section */

/* Begin PBXGroup section */
		793CFCAA1DA8AD0F00B329E7 = {
			isa = PBXGroup;
			children = (
				793CFCB51DA8AD0F00B329E7 /* mood-journal */,
				793CFCB41DA8AD0F00B329E7 /* Products */,
			);
			sourceTree = "<group>";
		};
		793CFCB41DA8AD0F00B329E7 /* Products */ = {
			isa = PBXGroup;
			children = (
				793CFCB31DA8AD0F00B329E7 /* mood-journal.app */,
			);
			name = Products;
			sourceTree = "<group>";
		};
		793CFCB51DA8AD0F00B329E7 /* mood-journal */ = {
			isa = PBXGroup;
			children = (
				793CFCB61DA8AD0F00B329E7 /* AppDelegate.swift */,
				793CFCB81DA8AD0F00B329E7 /* RootViewController.swift */,
				793CFCBA1DA8AD0F00B329E7 /* DataViewController.swift */,
				793CFCBC1DA8AD0F00B329E7 /* ModelController.swift */,
				793CFCBE1DA8AD0F00B329E7 /* Main.storyboard */,
				793CFCC11DA8AD0F00B329E7 /* Assets.xcassets */,
				793CFCC31DA8AD0F00B329E7 /* LaunchScreen.storyboard */,
				793CFCC61DA8AD0F00B329E7 /* Info.plist */,
			);
			path = "mood-journal";
			sourceTree = "<group>";
		};
/* End PBXGroup section */

/* Begin PBXNativeTarget section */
		793CFCB21DA8AD0F00B329E7 /* mood-journal */ = {
			isa = PBXNativeTarget;
			buildConfigurationList = 793CFCC91DA8AD0F00B329E7 /* Build configuration list for PBXNativeTarget "mood-journal" */;
			buildPhases = (
				793CFCAF1DA8AD0F00B329E7 /* Sources */,
				793CFCB01DA8AD0F00B329E7 /* Frameworks */,
				793CFCB11DA8AD0F00B329E7 /* Resources */,
			);
			buildRules = (
			);
			dependencies = (
			);
			name = "mood-journal";
			productName = "mood-journal";
			productReference = 793CFCB31DA8AD0F00B329E7 /* mood-journal.app */;
			productType = "com.apple.product-type.application";
		};
/* End PBXNativeTarget section */

/* Begin PBXProject section */
		793CFCAB1DA8AD0F00B329E7 /* Project object */ = {
			isa = PBXProject;
			attributes = {
				LastSwiftUpdateCheck = 0800;
				LastUpgradeCheck = 0800;
				ORGANIZATIONNAME = "mood-journal";
				TargetAttributes = {
					793CFCB21DA8AD0F00B329E7 = {
						CreatedOnToolsVersion = 8.0;
						ProvisioningStyle = Automatic;
					};
				};
			};
			buildConfigurationList = 793CFCAE1DA8AD0F00B329E7 /* Build configuration list for PBXProject "mood-journal" */;
			compatibilityVersion = "Xcode 3.2";
			developmentRegion = English;
			hasScannedForEncodings = 0;
			knownRegions = (
				en,
				Base,
			);
			mainGroup = 793CFCAA1DA8AD0F00B329E7;
			productRefGroup = 793CFCB41DA8AD0F00B329E7 /* Products */;
			projectDirPath = "";
			projectRoot = "";
			targets = (
				793CFCB21DA8AD0F00B329E7 /* mood-journal */,
			);
		};
/* End PBXProject section */

/* Begin PBXResourcesBuildPhase section */
		793CFCB11DA8AD0F00B329E7 /* Resources */ = {
			isa = PBXResourcesBuildPhase;
			buildActionMask = 2147483647;
			files = (
				793CFCC51DA8AD0F00B329E7 /* LaunchScreen.storyboard in Resources */,
				793CFCC21DA8AD0F00B329E7 /* Assets.xcassets in Resources */,
				793CFCC01DA8AD0F00B329E7 /* Main.storyboard in Resources */,
			);
			runOnlyForDeploymentPostprocessing = 0;
		};
/* End PBXResourcesBuildPhase section */

/* Begin PBXSourcesBuildPhase section */
		793CFCAF1DA8AD0F00B329E7 /* Sources */ = {
			isa = PBXSourcesBuildPhase;
			buildActionMask = 2147483647;
			files = (
				793CFCB91DA8AD0F00B329E7 /* RootViewController.swift in Sources */,
				793CFCBD1DA8AD0F00B329E7 /* ModelController.swift in Sources */,
				793CFCBB1DA8AD0F00B329E7 /* DataViewController.swift in Sources */,
				793CFCB71DA8AD0F00B329E7 /* AppDelegate.swift in Sources */,
			);
			runOnlyForDeploymentPostprocessing = 0;
		};
/* End PBXSourcesBuildPhase section */

/* Begin PBXVariantGroup section */
		793CFCBE1DA8AD0F00B329E7 /* Main.storyboard */ = {
			isa = PBXVariantGroup;
			children = (
				793CFCBF1DA8AD0F00B329E7 /* Base */,
			);
			name = Main.storyboard;
			sourceTree = "<group>";
		};
		793CFCC31DA8AD0F00B329E7 /* LaunchScreen.storyboard */ = {
			isa = PBXVariantGroup;
			children = (
				793CFCC41DA8AD0F00B329E7 /* Base */,
			);
			name = LaunchScreen.storyboard;
			sourceTree = "<group>";
		};
/* End PBXVariantGroup section */

/* Begin XCBuildConfiguration section */
		793CFCC71DA8AD0F00B329E7 /* Debug */ = {
			isa = XCBuildConfiguration;
			buildSettings = {
				ALWAYS_SEARCH_USER_PATHS = NO;
				CLANG_ANALYZER_NONNULL = YES;
				CLANG_CXX_LANGUAGE_STANDARD = "gnu++0x";
				CLANG_CXX_LIBRARY = "libc++";
				CLANG_ENABLE_MODULES = YES;
				CLANG_ENABLE_OBJC_ARC = YES;
				CLANG_WARN_BOOL_CONVERSION = YES;
				CLANG_WARN_CONSTANT_CONVERSION = YES;
				CLANG_WARN_DIRECT_OBJC_ISA_USAGE = YES_ERROR;
				CLANG_WARN_DOCUMENTATION_COMMENTS = YES;
				CLANG_WARN_EMPTY_BODY = YES;
				CLANG_WARN_ENUM_CONVERSION = YES;
				CLANG_WARN_INFINITE_RECURSION = YES;
				CLANG_WARN_INT_CONVERSION = YES;
				CLANG_WARN_OBJC_ROOT_CLASS = YES_ERROR;
				CLANG_WARN_SUSPICIOUS_MOVES = YES;
				CLANG_WARN_UNREACHABLE_CODE = YES;
				CLANG_WARN__DUPLICATE_METHOD_MATCH = YES;
				"CODE_SIGN_IDENTITY[sdk=iphoneos*]" = "iPhone Developer";
				COPY_PHASE_STRIP = NO;
				DEBUG_INFORMATION_FORMAT = dwarf;
				ENABLE_STRICT_OBJC_MSGSEND = YES;
				ENABLE_TESTABILITY = YES;
				GCC_C_LANGUAGE_STANDARD = gnu99;
				GCC_DYNAMIC_NO_PIC = NO;
				GCC_NO_COMMON_BLOCKS = YES;
				GCC_OPTIMIZATION_LEVEL = 0;
				GCC_PREPROCESSOR_DEFINITIONS = (
					"DEBUG=1",
					"$(inherited)",
				);
				GCC_WARN_64_TO_32_BIT_CONVERSION = YES;
				GCC_WARN_ABOUT_RETURN_TYPE = YES_ERROR;
				GCC_WARN_UNDECLARED_SELECTOR = YES;
				GCC_WARN_UNINITIALIZED_AUTOS = YES_AGGRESSIVE;
				GCC_WARN_UNUSED_FUNCTION = YES;
				GCC_WARN_UNUSED_VARIABLE = YES;
				IPHONEOS_DEPLOYMENT_TARGET = 10.0;
				MTL_ENABLE_DEBUG_INFO = YES;
				ONLY_ACTIVE_ARCH = YES;
				SDKROOT = iphoneos;
				SWIFT_ACTIVE_COMPILATION_CONDITIONS = DEBUG;
				SWIFT_OPTIMIZATION_LEVEL = "-Onone";
				TARGETED_DEVICE_FAMILY = "1,2";
			};
			name = Debug;
		};
		793CFCC81DA8AD0F00B329E7 /* Release */ = {
			isa = XCBuildConfiguration;
			buildSettings = {
				ALWAYS_SEARCH_USER_PATHS = NO;
				CLANG_ANALYZER_NONNULL = YES;
				CLANG_CXX_LANGUAGE_STANDARD = "gnu++0x";
				CLANG_CXX_LIBRARY = "libc++";
				CLANG_ENABLE_MODULES = YES;
				CLANG_ENABLE_OBJC_ARC = YES;
				CLANG_WARN_BOOL_CONVERSION = YES;
				CLANG_WARN_CONSTANT_CONVERSION = YES;
				CLANG_WARN_DIRECT_OBJC_ISA_USAGE = YES_ERROR;
				CLANG_WARN_DOCUMENTATION_COMMENTS = YES;
				CLANG_WARN_EMPTY_BODY = YES;
				CLANG_WARN_ENUM_CONVERSION = YES;
				CLANG_WARN_INFINITE_RECURSION = YES;
				CLANG_WARN_INT_CONVERSION = YES;
				CLANG_WARN_OBJC_ROOT_CLASS = YES_ERROR;
				CLANG_WARN_SUSPICIOUS_MOVES = YES;
				CLANG_WARN_UNREACHABLE_CODE = YES;
				CLANG_WARN__DUPLICATE_METHOD_MATCH = YES;
				"CODE_SIGN_IDENTITY[sdk=iphoneos*]" = "iPhone Developer";
				COPY_PHASE_STRIP = NO;
				DEBUG_INFORMATION_FORMAT = "dwarf-with-dsym";
				ENABLE_NS_ASSERTIONS = NO;
				ENABLE_STRICT_OBJC_MSGSEND = YES;
				GCC_C_LANGUAGE_STANDARD = gnu99;
				GCC_NO_COMMON_BLOCKS = YES;
				GCC_WARN_64_TO_32_BIT_CONVERSION = YES;
				GCC_WARN_ABOUT_RETURN_TYPE = YES_ERROR;
				GCC_WARN_UNDECLARED_SELECTOR = YES;
				GCC_WARN_UNINITIALIZED_AUTOS = YES_AGGRESSIVE;
				GCC_WARN_UNUSED_FUNCTION = YES;
				GCC_WARN_UNUSED_VARIABLE = YES;
				IPHONEOS_DEPLOYMENT_TARGET = 10.0;
				MTL_ENABLE_DEBUG_INFO = NO;
				SDKROOT = iphoneos;
				SWIFT_OPTIMIZATION_LEVEL = "-Owholemodule";
				TARGETED_DEVICE_FAMILY = "1,2";
				VALIDATE_PRODUCT = YES;
			};
			name = Release;
		};
		793CFCCA1DA8AD0F00B329E7 /* Debug */ = {
			isa = XCBuildConfiguration;
			buildSettings = {
				ASSETCATALOG_COMPILER_APPICON_NAME = AppIcon;
				INFOPLIST_FILE = "mood-journal/Info.plist";
				LD_RUNPATH_SEARCH_PATHS = "$(inherited) @executable_path/Frameworks";
				PRODUCT_BUNDLE_IDENTIFIER = "mood-journal.mood-journal";
				PRODUCT_NAME = "$(TARGET_NAME)";
				SWIFT_VERSION = 3.0;
			};
			name = Debug;
		};
		793CFCCB1DA8AD0F00B329E7 /* Release */ = {
			isa = XCBuildConfiguration;
			buildSettings = {
				ASSETCATALOG_COMPILER_APPICON_NAME = AppIcon;
				INFOPLIST_FILE = "mood-journal/Info.plist";
				LD_RUNPATH_SEARCH_PATHS = "$(inherited) @executable_path/Frameworks";
				PRODUCT_BUNDLE_IDENTIFIER = "mood-journal.mood-journal";
				PRODUCT_NAME = "$(TARGET_NAME)";
				SWIFT_VERSION = 3.0;
			};
			name = Release;
		};
/* End XCBuildConfiguration section */

/* Begin XCConfigurationList section */
		793CFCAE1DA8AD0F00B329E7 /* Build configuration list for PBXProject "mood-journal" */ = {
			isa = XCConfigurationList;
			buildConfigurations = (
				793CFCC71DA8AD0F00B329E7 /* Debug */,
				793CFCC81DA8AD0F00B329E7 /* Release */,
			);
			defaultConfigurationIsVisible = 0;
			defaultConfigurationName = Release;
		};
		793CFCC91DA8AD0F00B329E7 /* Build configuration list for PBXNativeTarget "mood-journal" */ = {
			isa = XCConfigurationList;
			buildConfigurations = (
				793CFCCA1DA8AD0F00B329E7 /* Debug */,
				793CFCCB1DA8AD0F00B329E7 /* Release */,
			);
			defaultConfigurationIsVisible = 0;
		};
/* End XCConfigurationList section */
	};
	rootObject = 793CFCAB1DA8AD0F00B329E7 /* Project object */;
}
